# THIS IS AN AUTOGENERATED FILE. DO NOT EDIT THIS FILE DIRECTLY.
# yarn lockfile v1


electron-css-injector@^1.0.0:
  version "1.0.1"
  resolved "https://registry.yarnpkg.com/electron-css-injector/-/electron-css-injector-1.0.1.tgz#d55bc1354fa170e67a360d22dc7d62605301725e"
  integrity sha512-FF+qKmzqVBNmM46Ws3XZpdczwT0zvgY8klAwoHOYS5axsFpv/Ob/MzlHRXvnMWtzYDNqX7Mf5NUBNNUBmyYTWA==
