# THIS IS AN AUTOGENERATED FILE. DO NOT EDIT THIS FILE DIRECTLY.
# yarn lockfile v1


electron-css-injector@^1.0.0:
  version "1.0.0"
  resolved "https://registry.yarnpkg.com/electron-css-injector/-/electron-css-injector-1.0.0.tgz#5adc59c80aba1928e309ce508e8ebf091e15fcfe"
  integrity sha512-l7StIGJJdq8C682YVCgjUAEOC7iyuo5St+A0uTxAmtOiNDl5uLHEFrEACrL79tBQz5H6sHAO2jasmUTo33IjXg==
